// !$*UTF8*$!
{
	archiveVersion = 1;
	classes = {
	};
	objectVersion = 51;
	objects = {

/* Begin PBXBuildFile section */
		01DA45D1D235347F7D3EAFC9 /* Pods_CoderLeapTests.framework in Frameworks */ = {isa = PBXBuildFile; fileRef = 8FC7B84D33D5CD5D3EAA3E5F /* Pods_CoderLeapTests.framework */; };
		070983159ADFF470798A0A52 /* Pods_CoderLeap_CoderLeapUITests.framework in Frameworks */ = {isa = PBXBuildFile; fileRef = 3E446F394E48B7E6A860515F /* Pods_CoderLeap_CoderLeapUITests.framework */; };
		777BD9584704299A7864769E /* Pods_CoderLeap.framework in Frameworks */ = {isa = PBXBuildFile; fileRef = 92F49A1F771491E9E3C0783B /* Pods_CoderLeap.framework */; };
		821B0BAD24376F1F008BB870 /* AppDelegate.swift in Sources */ = {isa = PBXBuildFile; fileRef = 821B0BAC24376F1F008BB870 /* AppDelegate.swift */; };
		821B0BAF24376F1F008BB870 /* SceneDelegate.swift in Sources */ = {isa = PBXBuildFile; fileRef = 821B0BAE24376F1F008BB870 /* SceneDelegate.swift */; };
		821B0BB124376F1F008BB870 /* ContentView.swift in Sources */ = {isa = PBXBuildFile; fileRef = 821B0BB024376F1F008BB870 /* ContentView.swift */; };
		821B0BB324376F20008BB870 /* Assets.xcassets in Resources */ = {isa = PBXBuildFile; fileRef = 821B0BB224376F20008BB870 /* Assets.xcassets */; };
		821B0BB624376F20008BB870 /* Preview Assets.xcassets in Resources */ = {isa = PBXBuildFile; fileRef = 821B0BB524376F20008BB870 /* Preview Assets.xcassets */; };
		821B0BB924376F20008BB870 /* LaunchScreen.storyboard in Resources */ = {isa = PBXBuildFile; fileRef = 821B0BB724376F20008BB870 /* LaunchScreen.storyboard */; };
		821B0BC424376F20008BB870 /* CoderLeapTests.swift in Sources */ = {isa = PBXBuildFile; fileRef = 821B0BC324376F20008BB870 /* CoderLeapTests.swift */; };
		821B0BCF24376F20008BB870 /* CoderLeapUITests.swift in Sources */ = {isa = PBXBuildFile; fileRef = 821B0BCE24376F20008BB870 /* CoderLeapUITests.swift */; };
		821CF1E8244169DE00C89B28 /* SupportChat.swift in Sources */ = {isa = PBXBuildFile; fileRef = 821CF1E7244169DE00C89B28 /* SupportChat.swift */; };
		82257CF1243F907F0093A2DB /* API.swift in Sources */ = {isa = PBXBuildFile; fileRef = 82257CF0243F907F0093A2DB /* API.swift */; };
		82257CF3243FA9CB0093A2DB /* ConfirmSignupView.swift in Sources */ = {isa = PBXBuildFile; fileRef = 82257CF2243FA9CB0093A2DB /* ConfirmSignupView.swift */; };
		82328FD9244763CE001002CD /* DragablePieceView.swift in Sources */ = {isa = PBXBuildFile; fileRef = 82328FD8244763CE001002CD /* DragablePieceView.swift */; };
		82328FDB244764CF001002CD /* CodeDropAreaView.swift in Sources */ = {isa = PBXBuildFile; fileRef = 82328FDA244764CF001002CD /* CodeDropAreaView.swift */; };
		82CA79AF2437848700FC7702 /* WelcomeView.swift in Sources */ = {isa = PBXBuildFile; fileRef = 82CA79AE2437848700FC7702 /* WelcomeView.swift */; };
		82CA79B1243784B900FC7702 /* LogoImageView.swift in Sources */ = {isa = PBXBuildFile; fileRef = 82CA79B0243784B900FC7702 /* LogoImageView.swift */; };
		82CA79B32437924F00FC7702 /* AuthenticationView.swift in Sources */ = {isa = PBXBuildFile; fileRef = 82CA79B22437924F00FC7702 /* AuthenticationView.swift */; };
		82CA79B52437928100FC7702 /* RegisterView.swift in Sources */ = {isa = PBXBuildFile; fileRef = 82CA79B42437928100FC7702 /* RegisterView.swift */; };
		82CA79B8243793C400FC7702 /* BorderedViewModifier.swift in Sources */ = {isa = PBXBuildFile; fileRef = 82CA79B7243793C400FC7702 /* BorderedViewModifier.swift */; };
		82CA79BA2437ABD400FC7702 /* UserManager.swift in Sources */ = {isa = PBXBuildFile; fileRef = 82CA79B92437ABD400FC7702 /* UserManager.swift */; };
		82CA79BC2437AEC300FC7702 /* Profile.swift in Sources */ = {isa = PBXBuildFile; fileRef = 82CA79BB2437AEC300FC7702 /* Profile.swift */; };
		82CA79C12437B3EA00FC7702 /* amplifyconfiguration.json in Resources */ = {isa = PBXBuildFile; fileRef = 82CA79BF2437B3EA00FC7702 /* amplifyconfiguration.json */; };
		82CA79C22437B3EA00FC7702 /* awsconfiguration.json in Resources */ = {isa = PBXBuildFile; fileRef = 82CA79C02437B3EA00FC7702 /* awsconfiguration.json */; };
		82CA79FB2437DB0100FC7702 /* KeyboardFollower.swift in Sources */ = {isa = PBXBuildFile; fileRef = 82CA79FA2437DB0100FC7702 /* KeyboardFollower.swift */; };
		82CA79FE243A479200FC7702 /* PuzzleView.swift in Sources */ = {isa = PBXBuildFile; fileRef = 82CA79FD243A479200FC7702 /* PuzzleView.swift */; };
		82CA7A01243D0B4400FC7702 /* App.swift in Sources */ = {isa = PBXBuildFile; fileRef = 82CA7A00243D0B4400FC7702 /* App.swift */; };
		82CA7A03243D706500FC7702 /* ChatHelper.swift in Sources */ = {isa = PBXBuildFile; fileRef = 82CA7A02243D706500FC7702 /* ChatHelper.swift */; };
		82CA7A06243D724600FC7702 /* ChatView.swift in Sources */ = {isa = PBXBuildFile; fileRef = 82CA7A05243D724600FC7702 /* ChatView.swift */; };
		82CA7A08243D727300FC7702 /* ContentMessageView.swift in Sources */ = {isa = PBXBuildFile; fileRef = 82CA7A07243D727300FC7702 /* ContentMessageView.swift */; };
		82CA7A0A243D734500FC7702 /* MessageView.swift in Sources */ = {isa = PBXBuildFile; fileRef = 82CA7A09243D734500FC7702 /* MessageView.swift */; };
/* End PBXBuildFile section */

/* Begin PBXContainerItemProxy section */
		821B0BC024376F20008BB870 /* PBXContainerItemProxy */ = {
			isa = PBXContainerItemProxy;
			containerPortal = 821B0BA124376F1F008BB870 /* Project object */;
			proxyType = 1;
			remoteGlobalIDString = 821B0BA824376F1F008BB870;
			remoteInfo = CoderLeap;
		};
		821B0BCB24376F20008BB870 /* PBXContainerItemProxy */ = {
			isa = PBXContainerItemProxy;
			containerPortal = 821B0BA124376F1F008BB870 /* Project object */;
			proxyType = 1;
			remoteGlobalIDString = 821B0BA824376F1F008BB870;
			remoteInfo = CoderLeap;
		};
/* End PBXContainerItemProxy section */

/* Begin PBXFileReference section */
		3E446F394E48B7E6A860515F /* Pods_CoderLeap_CoderLeapUITests.framework */ = {isa = PBXFileReference; explicitFileType = wrapper.framework; includeInIndex = 0; path = Pods_CoderLeap_CoderLeapUITests.framework; sourceTree = BUILT_PRODUCTS_DIR; };
		55E634024AFB444645F0D04C /* Pods-CoderLeap-CoderLeapUITests.release.xcconfig */ = {isa = PBXFileReference; includeInIndex = 1; lastKnownFileType = text.xcconfig; name = "Pods-CoderLeap-CoderLeapUITests.release.xcconfig"; path = "Target Support Files/Pods-CoderLeap-CoderLeapUITests/Pods-CoderLeap-CoderLeapUITests.release.xcconfig"; sourceTree = "<group>"; };
		7C4E6D7E548DF1E87A9CC97B /* Pods-CoderLeap.release.xcconfig */ = {isa = PBXFileReference; includeInIndex = 1; lastKnownFileType = text.xcconfig; name = "Pods-CoderLeap.release.xcconfig"; path = "Target Support Files/Pods-CoderLeap/Pods-CoderLeap.release.xcconfig"; sourceTree = "<group>"; };
		821B0BA924376F1F008BB870 /* CoderLeap.app */ = {isa = PBXFileReference; explicitFileType = wrapper.application; includeInIndex = 0; path = CoderLeap.app; sourceTree = BUILT_PRODUCTS_DIR; };
		821B0BAC24376F1F008BB870 /* AppDelegate.swift */ = {isa = PBXFileReference; lastKnownFileType = sourcecode.swift; path = AppDelegate.swift; sourceTree = "<group>"; };
		821B0BAE24376F1F008BB870 /* SceneDelegate.swift */ = {isa = PBXFileReference; lastKnownFileType = sourcecode.swift; path = SceneDelegate.swift; sourceTree = "<group>"; };
		821B0BB024376F1F008BB870 /* ContentView.swift */ = {isa = PBXFileReference; lastKnownFileType = sourcecode.swift; path = ContentView.swift; sourceTree = "<group>"; };
		821B0BB224376F20008BB870 /* Assets.xcassets */ = {isa = PBXFileReference; lastKnownFileType = folder.assetcatalog; path = Assets.xcassets; sourceTree = "<group>"; };
		821B0BB524376F20008BB870 /* Preview Assets.xcassets */ = {isa = PBXFileReference; lastKnownFileType = folder.assetcatalog; path = "Preview Assets.xcassets"; sourceTree = "<group>"; };
		821B0BB824376F20008BB870 /* Base */ = {isa = PBXFileReference; lastKnownFileType = file.storyboard; name = Base; path = Base.lproj/LaunchScreen.storyboard; sourceTree = "<group>"; };
		821B0BBA24376F20008BB870 /* Info.plist */ = {isa = PBXFileReference; lastKnownFileType = text.plist.xml; path = Info.plist; sourceTree = "<group>"; };
		821B0BBF24376F20008BB870 /* CoderLeapTests.xctest */ = {isa = PBXFileReference; explicitFileType = wrapper.cfbundle; includeInIndex = 0; path = CoderLeapTests.xctest; sourceTree = BUILT_PRODUCTS_DIR; };
		821B0BC324376F20008BB870 /* CoderLeapTests.swift */ = {isa = PBXFileReference; lastKnownFileType = sourcecode.swift; path = CoderLeapTests.swift; sourceTree = "<group>"; };
		821B0BC524376F20008BB870 /* Info.plist */ = {isa = PBXFileReference; lastKnownFileType = text.plist.xml; path = Info.plist; sourceTree = "<group>"; };
		821B0BCA24376F20008BB870 /* CoderLeapUITests.xctest */ = {isa = PBXFileReference; explicitFileType = wrapper.cfbundle; includeInIndex = 0; path = CoderLeapUITests.xctest; sourceTree = BUILT_PRODUCTS_DIR; };
		821B0BCE24376F20008BB870 /* CoderLeapUITests.swift */ = {isa = PBXFileReference; lastKnownFileType = sourcecode.swift; path = CoderLeapUITests.swift; sourceTree = "<group>"; };
		821B0BD024376F20008BB870 /* Info.plist */ = {isa = PBXFileReference; lastKnownFileType = text.plist.xml; path = Info.plist; sourceTree = "<group>"; };
		821CF1E7244169DE00C89B28 /* SupportChat.swift */ = {isa = PBXFileReference; lastKnownFileType = sourcecode.swift; path = SupportChat.swift; sourceTree = "<group>"; };
		82257CF0243F907F0093A2DB /* API.swift */ = {isa = PBXFileReference; fileEncoding = 4; lastKnownFileType = sourcecode.swift; path = API.swift; sourceTree = SOURCE_ROOT; };
		82257CF2243FA9CB0093A2DB /* ConfirmSignupView.swift */ = {isa = PBXFileReference; lastKnownFileType = sourcecode.swift; path = ConfirmSignupView.swift; sourceTree = "<group>"; };
		82328FD8244763CE001002CD /* DragablePieceView.swift */ = {isa = PBXFileReference; lastKnownFileType = sourcecode.swift; path = DragablePieceView.swift; sourceTree = "<group>"; };
		82328FDA244764CF001002CD /* CodeDropAreaView.swift */ = {isa = PBXFileReference; lastKnownFileType = sourcecode.swift; path = CodeDropAreaView.swift; sourceTree = "<group>"; };
		82CA79AE2437848700FC7702 /* WelcomeView.swift */ = {isa = PBXFileReference; lastKnownFileType = sourcecode.swift; path = WelcomeView.swift; sourceTree = "<group>"; };
		82CA79B0243784B900FC7702 /* LogoImageView.swift */ = {isa = PBXFileReference; lastKnownFileType = sourcecode.swift; path = LogoImageView.swift; sourceTree = "<group>"; };
		82CA79B22437924F00FC7702 /* AuthenticationView.swift */ = {isa = PBXFileReference; lastKnownFileType = sourcecode.swift; path = AuthenticationView.swift; sourceTree = "<group>"; };
		82CA79B42437928100FC7702 /* RegisterView.swift */ = {isa = PBXFileReference; lastKnownFileType = sourcecode.swift; path = RegisterView.swift; sourceTree = "<group>"; };
		82CA79B7243793C400FC7702 /* BorderedViewModifier.swift */ = {isa = PBXFileReference; lastKnownFileType = sourcecode.swift; path = BorderedViewModifier.swift; sourceTree = "<group>"; };
		82CA79B92437ABD400FC7702 /* UserManager.swift */ = {isa = PBXFileReference; lastKnownFileType = sourcecode.swift; path = UserManager.swift; sourceTree = "<group>"; };
		82CA79BB2437AEC300FC7702 /* Profile.swift */ = {isa = PBXFileReference; lastKnownFileType = sourcecode.swift; path = Profile.swift; sourceTree = "<group>"; };
		82CA79BF2437B3EA00FC7702 /* amplifyconfiguration.json */ = {isa = PBXFileReference; fileEncoding = 4; lastKnownFileType = text.json; path = amplifyconfiguration.json; sourceTree = SOURCE_ROOT; };
		82CA79C02437B3EA00FC7702 /* awsconfiguration.json */ = {isa = PBXFileReference; fileEncoding = 4; lastKnownFileType = text.json; path = awsconfiguration.json; sourceTree = SOURCE_ROOT; };
		82CA79FA2437DB0100FC7702 /* KeyboardFollower.swift */ = {isa = PBXFileReference; lastKnownFileType = sourcecode.swift; path = KeyboardFollower.swift; sourceTree = "<group>"; };
		82CA79FD243A479200FC7702 /* PuzzleView.swift */ = {isa = PBXFileReference; lastKnownFileType = sourcecode.swift; path = PuzzleView.swift; sourceTree = "<group>"; };
		82CA7A00243D0B4400FC7702 /* App.swift */ = {isa = PBXFileReference; lastKnownFileType = sourcecode.swift; path = App.swift; sourceTree = "<group>"; };
		82CA7A02243D706500FC7702 /* ChatHelper.swift */ = {isa = PBXFileReference; lastKnownFileType = sourcecode.swift; path = ChatHelper.swift; sourceTree = "<group>"; };
		82CA7A05243D724600FC7702 /* ChatView.swift */ = {isa = PBXFileReference; lastKnownFileType = sourcecode.swift; path = ChatView.swift; sourceTree = "<group>"; };
		82CA7A07243D727300FC7702 /* ContentMessageView.swift */ = {isa = PBXFileReference; lastKnownFileType = sourcecode.swift; path = ContentMessageView.swift; sourceTree = "<group>"; };
		82CA7A09243D734500FC7702 /* MessageView.swift */ = {isa = PBXFileReference; lastKnownFileType = sourcecode.swift; path = MessageView.swift; sourceTree = "<group>"; };
		8FC7B84D33D5CD5D3EAA3E5F /* Pods_CoderLeapTests.framework */ = {isa = PBXFileReference; explicitFileType = wrapper.framework; includeInIndex = 0; path = Pods_CoderLeapTests.framework; sourceTree = BUILT_PRODUCTS_DIR; };
		92F49A1F771491E9E3C0783B /* Pods_CoderLeap.framework */ = {isa = PBXFileReference; explicitFileType = wrapper.framework; includeInIndex = 0; path = Pods_CoderLeap.framework; sourceTree = BUILT_PRODUCTS_DIR; };
		99C38E988934B53C99A62FD0 /* Pods-CoderLeap.debug.xcconfig */ = {isa = PBXFileReference; includeInIndex = 1; lastKnownFileType = text.xcconfig; name = "Pods-CoderLeap.debug.xcconfig"; path = "Target Support Files/Pods-CoderLeap/Pods-CoderLeap.debug.xcconfig"; sourceTree = "<group>"; };
		B2075AD88C4B72CCC7DAF8C5 /* Pods-CoderLeapTests.debug.xcconfig */ = {isa = PBXFileReference; includeInIndex = 1; lastKnownFileType = text.xcconfig; name = "Pods-CoderLeapTests.debug.xcconfig"; path = "Target Support Files/Pods-CoderLeapTests/Pods-CoderLeapTests.debug.xcconfig"; sourceTree = "<group>"; };
		CB1373500B2B4D96B82292FA /* Pods-CoderLeapTests.release.xcconfig */ = {isa = PBXFileReference; includeInIndex = 1; lastKnownFileType = text.xcconfig; name = "Pods-CoderLeapTests.release.xcconfig"; path = "Target Support Files/Pods-CoderLeapTests/Pods-CoderLeapTests.release.xcconfig"; sourceTree = "<group>"; };
		ED183E42EB5921169C655A8E /* Pods-CoderLeap-CoderLeapUITests.debug.xcconfig */ = {isa = PBXFileReference; includeInIndex = 1; lastKnownFileType = text.xcconfig; name = "Pods-CoderLeap-CoderLeapUITests.debug.xcconfig"; path = "Target Support Files/Pods-CoderLeap-CoderLeapUITests/Pods-CoderLeap-CoderLeapUITests.debug.xcconfig"; sourceTree = "<group>"; };
/* End PBXFileReference section */

/* Begin PBXFrameworksBuildPhase section */
		821B0BA624376F1F008BB870 /* Frameworks */ = {
			isa = PBXFrameworksBuildPhase;
			buildActionMask = 2147483647;
			files = (
				777BD9584704299A7864769E /* Pods_CoderLeap.framework in Frameworks */,
			);
			runOnlyForDeploymentPostprocessing = 0;
		};
		821B0BBC24376F20008BB870 /* Frameworks */ = {
			isa = PBXFrameworksBuildPhase;
			buildActionMask = 2147483647;
			files = (
				01DA45D1D235347F7D3EAFC9 /* Pods_CoderLeapTests.framework in Frameworks */,
			);
			runOnlyForDeploymentPostprocessing = 0;
		};
		821B0BC724376F20008BB870 /* Frameworks */ = {
			isa = PBXFrameworksBuildPhase;
			buildActionMask = 2147483647;
			files = (
				070983159ADFF470798A0A52 /* Pods_CoderLeap_CoderLeapUITests.framework in Frameworks */,
			);
			runOnlyForDeploymentPostprocessing = 0;
		};
/* End PBXFrameworksBuildPhase section */

/* Begin PBXGroup section */
		60A2C45BA799454DA3521C8B /* Frameworks */ = {
			isa = PBXGroup;
			children = (
				92F49A1F771491E9E3C0783B /* Pods_CoderLeap.framework */,
				3E446F394E48B7E6A860515F /* Pods_CoderLeap_CoderLeapUITests.framework */,
				8FC7B84D33D5CD5D3EAA3E5F /* Pods_CoderLeapTests.framework */,
			);
			name = Frameworks;
			sourceTree = "<group>";
		};
		821B0BA024376F1F008BB870 = {
			isa = PBXGroup;
			children = (
				821B0BAB24376F1F008BB870 /* CoderLeap */,
				821B0BC224376F20008BB870 /* CoderLeapTests */,
				821B0BCD24376F20008BB870 /* CoderLeapUITests */,
				821B0BAA24376F1F008BB870 /* Products */,
				86EB76AE2D0A71C51CD87B3F /* Pods */,
				60A2C45BA799454DA3521C8B /* Frameworks */,
			);
			sourceTree = "<group>";
		};
		821B0BAA24376F1F008BB870 /* Products */ = {
			isa = PBXGroup;
			children = (
				821B0BA924376F1F008BB870 /* CoderLeap.app */,
				821B0BBF24376F20008BB870 /* CoderLeapTests.xctest */,
				821B0BCA24376F20008BB870 /* CoderLeapUITests.xctest */,
			);
			name = Products;
			sourceTree = "<group>";
		};
		821B0BAB24376F1F008BB870 /* CoderLeap */ = {
			isa = PBXGroup;
			children = (
				82257CF0243F907F0093A2DB /* API.swift */,
				82CA79BF2437B3EA00FC7702 /* amplifyconfiguration.json */,
				82CA79C02437B3EA00FC7702 /* awsconfiguration.json */,
				821B0BAC24376F1F008BB870 /* AppDelegate.swift */,
				821B0BAE24376F1F008BB870 /* SceneDelegate.swift */,
				821B0BB024376F1F008BB870 /* ContentView.swift */,
				82CA79AB24377E7600FC7702 /* Models */,
				821B0BDC24377C78008BB870 /* Views */,
				82CA79AC24377E7C00FC7702 /* Util */,
				821B0BB224376F20008BB870 /* Assets.xcassets */,
				821B0BB724376F20008BB870 /* LaunchScreen.storyboard */,
				821B0BBA24376F20008BB870 /* Info.plist */,
				821B0BB424376F20008BB870 /* Preview Content */,
			);
			path = CoderLeap;
			sourceTree = "<group>";
		};
		821B0BB424376F20008BB870 /* Preview Content */ = {
			isa = PBXGroup;
			children = (
				821B0BB524376F20008BB870 /* Preview Assets.xcassets */,
			);
			path = "Preview Content";
			sourceTree = "<group>";
		};
		821B0BC224376F20008BB870 /* CoderLeapTests */ = {
			isa = PBXGroup;
			children = (
				821B0BC324376F20008BB870 /* CoderLeapTests.swift */,
				821B0BC524376F20008BB870 /* Info.plist */,
			);
			path = CoderLeapTests;
			sourceTree = "<group>";
		};
		821B0BCD24376F20008BB870 /* CoderLeapUITests */ = {
			isa = PBXGroup;
			children = (
				821B0BCE24376F20008BB870 /* CoderLeapUITests.swift */,
				821B0BD024376F20008BB870 /* Info.plist */,
			);
			path = CoderLeapUITests;
			sourceTree = "<group>";
		};
		821B0BDC24377C78008BB870 /* Views */ = {
			isa = PBXGroup;
			children = (
				82CA7A04243D723100FC7702 /* Chat */,
				82CA79FF243D0B2200FC7702 /* App */,
				82CA79FC243A435700FC7702 /* Puzzles */,
				82CA79B6243793AF00FC7702 /* ViewModifiers */,
				82CA79AD2437846400FC7702 /* AuthenticationViews */,
			);
			path = Views;
			sourceTree = "<group>";
		};
		82CA79AB24377E7600FC7702 /* Models */ = {
			isa = PBXGroup;
			children = (
				82CA79B92437ABD400FC7702 /* UserManager.swift */,
				82CA79BB2437AEC300FC7702 /* Profile.swift */,
				82CA7A02243D706500FC7702 /* ChatHelper.swift */,
				821CF1E7244169DE00C89B28 /* SupportChat.swift */,
			);
			path = Models;
			sourceTree = "<group>";
		};
		82CA79AC24377E7C00FC7702 /* Util */ = {
			isa = PBXGroup;
			children = (
				82CA79FA2437DB0100FC7702 /* KeyboardFollower.swift */,
			);
			path = Util;
			sourceTree = "<group>";
		};
		82CA79AD2437846400FC7702 /* AuthenticationViews */ = {
			isa = PBXGroup;
			children = (
				82CA79AE2437848700FC7702 /* WelcomeView.swift */,
				82CA79B0243784B900FC7702 /* LogoImageView.swift */,
				82CA79B22437924F00FC7702 /* AuthenticationView.swift */,
				82CA79B42437928100FC7702 /* RegisterView.swift */,
				82257CF2243FA9CB0093A2DB /* ConfirmSignupView.swift */,
			);
			path = AuthenticationViews;
			sourceTree = "<group>";
		};
		82CA79B6243793AF00FC7702 /* ViewModifiers */ = {
			isa = PBXGroup;
			children = (
				82CA79B7243793C400FC7702 /* BorderedViewModifier.swift */,
			);
			path = ViewModifiers;
			sourceTree = "<group>";
		};
		82CA79FC243A435700FC7702 /* Puzzles */ = {
			isa = PBXGroup;
			children = (
				82CA79FD243A479200FC7702 /* PuzzleView.swift */,
				82328FD8244763CE001002CD /* DragablePieceView.swift */,
				82328FDA244764CF001002CD /* CodeDropAreaView.swift */,
			);
			path = Puzzles;
			sourceTree = "<group>";
		};
		82CA79FF243D0B2200FC7702 /* App */ = {
			isa = PBXGroup;
			children = (
				82CA7A00243D0B4400FC7702 /* App.swift */,
			);
			path = App;
			sourceTree = "<group>";
		};
		82CA7A04243D723100FC7702 /* Chat */ = {
			isa = PBXGroup;
			children = (
				82CA7A05243D724600FC7702 /* ChatView.swift */,
				82CA7A07243D727300FC7702 /* ContentMessageView.swift */,
				82CA7A09243D734500FC7702 /* MessageView.swift */,
			);
			path = Chat;
			sourceTree = "<group>";
		};
		86EB76AE2D0A71C51CD87B3F /* Pods */ = {
			isa = PBXGroup;
			children = (
				99C38E988934B53C99A62FD0 /* Pods-CoderLeap.debug.xcconfig */,
				7C4E6D7E548DF1E87A9CC97B /* Pods-CoderLeap.release.xcconfig */,
				ED183E42EB5921169C655A8E /* Pods-CoderLeap-CoderLeapUITests.debug.xcconfig */,
				55E634024AFB444645F0D04C /* Pods-CoderLeap-CoderLeapUITests.release.xcconfig */,
				B2075AD88C4B72CCC7DAF8C5 /* Pods-CoderLeapTests.debug.xcconfig */,
				CB1373500B2B4D96B82292FA /* Pods-CoderLeapTests.release.xcconfig */,
			);
			path = Pods;
			sourceTree = "<group>";
		};
/* End PBXGroup section */

/* Begin PBXNativeTarget section */
		821B0BA824376F1F008BB870 /* CoderLeap */ = {
			isa = PBXNativeTarget;
			buildConfigurationList = 821B0BD324376F20008BB870 /* Build configuration list for PBXNativeTarget "CoderLeap" */;
			buildPhases = (
				BFFF8078EFDCBAD4291D8682 /* [CP] Check Pods Manifest.lock */,
				821B0BA524376F1F008BB870 /* Sources */,
				821B0BA624376F1F008BB870 /* Frameworks */,
				821B0BA724376F1F008BB870 /* Resources */,
				F5D0904165625051F968AF4F /* [CP] Embed Pods Frameworks */,
			);
			buildRules = (
			);
			dependencies = (
			);
			name = CoderLeap;
			productName = CoderLeap;
			productReference = 821B0BA924376F1F008BB870 /* CoderLeap.app */;
			productType = "com.apple.product-type.application";
		};
		821B0BBE24376F20008BB870 /* CoderLeapTests */ = {
			isa = PBXNativeTarget;
			buildConfigurationList = 821B0BD624376F20008BB870 /* Build configuration list for PBXNativeTarget "CoderLeapTests" */;
			buildPhases = (
				92901FC2045A85D0C78954AD /* [CP] Check Pods Manifest.lock */,
				821B0BBB24376F20008BB870 /* Sources */,
				821B0BBC24376F20008BB870 /* Frameworks */,
				821B0BBD24376F20008BB870 /* Resources */,
			);
			buildRules = (
			);
			dependencies = (
				821B0BC124376F20008BB870 /* PBXTargetDependency */,
			);
			name = CoderLeapTests;
			productName = CoderLeapTests;
			productReference = 821B0BBF24376F20008BB870 /* CoderLeapTests.xctest */;
			productType = "com.apple.product-type.bundle.unit-test";
		};
		821B0BC924376F20008BB870 /* CoderLeapUITests */ = {
			isa = PBXNativeTarget;
			buildConfigurationList = 821B0BD924376F20008BB870 /* Build configuration list for PBXNativeTarget "CoderLeapUITests" */;
			buildPhases = (
				68C7279850BCA94318A6A58B /* [CP] Check Pods Manifest.lock */,
				821B0BC624376F20008BB870 /* Sources */,
				821B0BC724376F20008BB870 /* Frameworks */,
				821B0BC824376F20008BB870 /* Resources */,
				52FA16B773947895EC156BE1 /* [CP] Embed Pods Frameworks */,
			);
			buildRules = (
			);
			dependencies = (
				821B0BCC24376F20008BB870 /* PBXTargetDependency */,
			);
			name = CoderLeapUITests;
			productName = CoderLeapUITests;
			productReference = 821B0BCA24376F20008BB870 /* CoderLeapUITests.xctest */;
			productType = "com.apple.product-type.bundle.ui-testing";
		};
/* End PBXNativeTarget section */

/* Begin PBXProject section */
		821B0BA124376F1F008BB870 /* Project object */ = {
			isa = PBXProject;
			attributes = {
				LastSwiftUpdateCheck = 1140;
				LastUpgradeCheck = 1140;
				ORGANIZATIONNAME = "CoderLeap, Corp.";
				TargetAttributes = {
					821B0BA824376F1F008BB870 = {
						CreatedOnToolsVersion = 11.4;
					};
					821B0BBE24376F20008BB870 = {
						CreatedOnToolsVersion = 11.4;
						TestTargetID = 821B0BA824376F1F008BB870;
					};
					821B0BC924376F20008BB870 = {
						CreatedOnToolsVersion = 11.4;
						TestTargetID = 821B0BA824376F1F008BB870;
					};
				};
			};
			buildConfigurationList = 821B0BA424376F1F008BB870 /* Build configuration list for PBXProject "CoderLeap" */;
			compatibilityVersion = "Xcode 9.3";
			developmentRegion = en;
			hasScannedForEncodings = 0;
			knownRegions = (
				en,
				Base,
			);
			mainGroup = 821B0BA024376F1F008BB870;
			productRefGroup = 821B0BAA24376F1F008BB870 /* Products */;
			projectDirPath = "";
			projectRoot = "";
			targets = (
				821B0BA824376F1F008BB870 /* CoderLeap */,
				821B0BBE24376F20008BB870 /* CoderLeapTests */,
				821B0BC924376F20008BB870 /* CoderLeapUITests */,
			);
		};
/* End PBXProject section */

/* Begin PBXResourcesBuildPhase section */
		821B0BA724376F1F008BB870 /* Resources */ = {
			isa = PBXResourcesBuildPhase;
			buildActionMask = 2147483647;
			files = (
				821B0BB924376F20008BB870 /* LaunchScreen.storyboard in Resources */,
				821B0BB624376F20008BB870 /* Preview Assets.xcassets in Resources */,
				82CA79C22437B3EA00FC7702 /* awsconfiguration.json in Resources */,
				82CA79C12437B3EA00FC7702 /* amplifyconfiguration.json in Resources */,
				821B0BB324376F20008BB870 /* Assets.xcassets in Resources */,
			);
			runOnlyForDeploymentPostprocessing = 0;
		};
		821B0BBD24376F20008BB870 /* Resources */ = {
			isa = PBXResourcesBuildPhase;
			buildActionMask = 2147483647;
			files = (
			);
			runOnlyForDeploymentPostprocessing = 0;
		};
		821B0BC824376F20008BB870 /* Resources */ = {
			isa = PBXResourcesBuildPhase;
			buildActionMask = 2147483647;
			files = (
			);
			runOnlyForDeploymentPostprocessing = 0;
		};
/* End PBXResourcesBuildPhase section */

/* Begin PBXShellScriptBuildPhase section */
		52FA16B773947895EC156BE1 /* [CP] Embed Pods Frameworks */ = {
			isa = PBXShellScriptBuildPhase;
			buildActionMask = 2147483647;
			files = (
			);
			inputFileListPaths = (
				"${PODS_ROOT}/Target Support Files/Pods-CoderLeap-CoderLeapUITests/Pods-CoderLeap-CoderLeapUITests-frameworks-${CONFIGURATION}-input-files.xcfilelist",
			);
			name = "[CP] Embed Pods Frameworks";
			outputFileListPaths = (
				"${PODS_ROOT}/Target Support Files/Pods-CoderLeap-CoderLeapUITests/Pods-CoderLeap-CoderLeapUITests-frameworks-${CONFIGURATION}-output-files.xcfilelist",
			);
			runOnlyForDeploymentPostprocessing = 0;
			shellPath = /bin/sh;
			shellScript = "\"${PODS_ROOT}/Target Support Files/Pods-CoderLeap-CoderLeapUITests/Pods-CoderLeap-CoderLeapUITests-frameworks.sh\"\n";
			showEnvVarsInLog = 0;
		};
		68C7279850BCA94318A6A58B /* [CP] Check Pods Manifest.lock */ = {
			isa = PBXShellScriptBuildPhase;
			buildActionMask = 2147483647;
			files = (
			);
			inputFileListPaths = (
			);
			inputPaths = (
				"${PODS_PODFILE_DIR_PATH}/Podfile.lock",
				"${PODS_ROOT}/Manifest.lock",
			);
			name = "[CP] Check Pods Manifest.lock";
			outputFileListPaths = (
			);
			outputPaths = (
				"$(DERIVED_FILE_DIR)/Pods-CoderLeap-CoderLeapUITests-checkManifestLockResult.txt",
			);
			runOnlyForDeploymentPostprocessing = 0;
			shellPath = /bin/sh;
			shellScript = "diff \"${PODS_PODFILE_DIR_PATH}/Podfile.lock\" \"${PODS_ROOT}/Manifest.lock\" > /dev/null\nif [ $? != 0 ] ; then\n    # print error to STDERR\n    echo \"error: The sandbox is not in sync with the Podfile.lock. Run 'pod install' or update your CocoaPods installation.\" >&2\n    exit 1\nfi\n# This output is used by Xcode 'outputs' to avoid re-running this script phase.\necho \"SUCCESS\" > \"${SCRIPT_OUTPUT_FILE_0}\"\n";
			showEnvVarsInLog = 0;
		};
		92901FC2045A85D0C78954AD /* [CP] Check Pods Manifest.lock */ = {
			isa = PBXShellScriptBuildPhase;
			buildActionMask = 2147483647;
			files = (
			);
			inputFileListPaths = (
			);
			inputPaths = (
				"${PODS_PODFILE_DIR_PATH}/Podfile.lock",
				"${PODS_ROOT}/Manifest.lock",
			);
			name = "[CP] Check Pods Manifest.lock";
			outputFileListPaths = (
			);
			outputPaths = (
				"$(DERIVED_FILE_DIR)/Pods-CoderLeapTests-checkManifestLockResult.txt",
			);
			runOnlyForDeploymentPostprocessing = 0;
			shellPath = /bin/sh;
			shellScript = "diff \"${PODS_PODFILE_DIR_PATH}/Podfile.lock\" \"${PODS_ROOT}/Manifest.lock\" > /dev/null\nif [ $? != 0 ] ; then\n    # print error to STDERR\n    echo \"error: The sandbox is not in sync with the Podfile.lock. Run 'pod install' or update your CocoaPods installation.\" >&2\n    exit 1\nfi\n# This output is used by Xcode 'outputs' to avoid re-running this script phase.\necho \"SUCCESS\" > \"${SCRIPT_OUTPUT_FILE_0}\"\n";
			showEnvVarsInLog = 0;
		};
		BFFF8078EFDCBAD4291D8682 /* [CP] Check Pods Manifest.lock */ = {
			isa = PBXShellScriptBuildPhase;
			buildActionMask = 2147483647;
			files = (
			);
			inputFileListPaths = (
			);
			inputPaths = (
				"${PODS_PODFILE_DIR_PATH}/Podfile.lock",
				"${PODS_ROOT}/Manifest.lock",
			);
			name = "[CP] Check Pods Manifest.lock";
			outputFileListPaths = (
			);
			outputPaths = (
				"$(DERIVED_FILE_DIR)/Pods-CoderLeap-checkManifestLockResult.txt",
			);
			runOnlyForDeploymentPostprocessing = 0;
			shellPath = /bin/sh;
			shellScript = "diff \"${PODS_PODFILE_DIR_PATH}/Podfile.lock\" \"${PODS_ROOT}/Manifest.lock\" > /dev/null\nif [ $? != 0 ] ; then\n    # print error to STDERR\n    echo \"error: The sandbox is not in sync with the Podfile.lock. Run 'pod install' or update your CocoaPods installation.\" >&2\n    exit 1\nfi\n# This output is used by Xcode 'outputs' to avoid re-running this script phase.\necho \"SUCCESS\" > \"${SCRIPT_OUTPUT_FILE_0}\"\n";
			showEnvVarsInLog = 0;
		};
		F5D0904165625051F968AF4F /* [CP] Embed Pods Frameworks */ = {
			isa = PBXShellScriptBuildPhase;
			buildActionMask = 2147483647;
			files = (
			);
			inputFileListPaths = (
				"${PODS_ROOT}/Target Support Files/Pods-CoderLeap/Pods-CoderLeap-frameworks-${CONFIGURATION}-input-files.xcfilelist",
			);
			name = "[CP] Embed Pods Frameworks";
			outputFileListPaths = (
				"${PODS_ROOT}/Target Support Files/Pods-CoderLeap/Pods-CoderLeap-frameworks-${CONFIGURATION}-output-files.xcfilelist",
			);
			runOnlyForDeploymentPostprocessing = 0;
			shellPath = /bin/sh;
			shellScript = "\"${PODS_ROOT}/Target Support Files/Pods-CoderLeap/Pods-CoderLeap-frameworks.sh\"\n";
			showEnvVarsInLog = 0;
		};
/* End PBXShellScriptBuildPhase section */

/* Begin PBXSourcesBuildPhase section */
		821B0BA524376F1F008BB870 /* Sources */ = {
			isa = PBXSourcesBuildPhase;
			buildActionMask = 2147483647;
			files = (
				82CA7A01243D0B4400FC7702 /* App.swift in Sources */,
				82CA79BA2437ABD400FC7702 /* UserManager.swift in Sources */,
				82CA79FB2437DB0100FC7702 /* KeyboardFollower.swift in Sources */,
				82CA79BC2437AEC300FC7702 /* Profile.swift in Sources */,
				821B0BAD24376F1F008BB870 /* AppDelegate.swift in Sources */,
				82257CF3243FA9CB0093A2DB /* ConfirmSignupView.swift in Sources */,
				82328FD9244763CE001002CD /* DragablePieceView.swift in Sources */,
				82CA7A0A243D734500FC7702 /* MessageView.swift in Sources */,
				821B0BAF24376F1F008BB870 /* SceneDelegate.swift in Sources */,
				82328FDB244764CF001002CD /* CodeDropAreaView.swift in Sources */,
				82CA79B32437924F00FC7702 /* AuthenticationView.swift in Sources */,
				821CF1E8244169DE00C89B28 /* SupportChat.swift in Sources */,
				82CA7A06243D724600FC7702 /* ChatView.swift in Sources */,
				82CA79B52437928100FC7702 /* RegisterView.swift in Sources */,
				821B0BB124376F1F008BB870 /* ContentView.swift in Sources */,
				82CA79B1243784B900FC7702 /* LogoImageView.swift in Sources */,
				82CA79B8243793C400FC7702 /* BorderedViewModifier.swift in Sources */,
				82CA7A03243D706500FC7702 /* ChatHelper.swift in Sources */,
				82CA79FE243A479200FC7702 /* PuzzleView.swift in Sources */,
				82CA7A08243D727300FC7702 /* ContentMessageView.swift in Sources */,
				82257CF1243F907F0093A2DB /* API.swift in Sources */,
				82CA79AF2437848700FC7702 /* WelcomeView.swift in Sources */,
			);
			runOnlyForDeploymentPostprocessing = 0;
		};
		821B0BBB24376F20008BB870 /* Sources */ = {
			isa = PBXSourcesBuildPhase;
			buildActionMask = 2147483647;
			files = (
				821B0BC424376F20008BB870 /* CoderLeapTests.swift in Sources */,
			);
			runOnlyForDeploymentPostprocessing = 0;
		};
		821B0BC624376F20008BB870 /* Sources */ = {
			isa = PBXSourcesBuildPhase;
			buildActionMask = 2147483647;
			files = (
				821B0BCF24376F20008BB870 /* CoderLeapUITests.swift in Sources */,
			);
			runOnlyForDeploymentPostprocessing = 0;
		};
/* End PBXSourcesBuildPhase section */

/* Begin PBXTargetDependency section */
		821B0BC124376F20008BB870 /* PBXTargetDependency */ = {
			isa = PBXTargetDependency;
			target = 821B0BA824376F1F008BB870 /* CoderLeap */;
			targetProxy = 821B0BC024376F20008BB870 /* PBXContainerItemProxy */;
		};
		821B0BCC24376F20008BB870 /* PBXTargetDependency */ = {
			isa = PBXTargetDependency;
			target = 821B0BA824376F1F008BB870 /* CoderLeap */;
			targetProxy = 821B0BCB24376F20008BB870 /* PBXContainerItemProxy */;
		};
/* End PBXTargetDependency section */

/* Begin PBXVariantGroup section */
		821B0BB724376F20008BB870 /* LaunchScreen.storyboard */ = {
			isa = PBXVariantGroup;
			children = (
				821B0BB824376F20008BB870 /* Base */,
			);
			name = LaunchScreen.storyboard;
			sourceTree = "<group>";
		};
/* End PBXVariantGroup section */

/* Begin XCBuildConfiguration section */
		821B0BD124376F20008BB870 /* Debug */ = {
			isa = XCBuildConfiguration;
			buildSettings = {
				ALWAYS_SEARCH_USER_PATHS = NO;
				CLANG_ANALYZER_NONNULL = YES;
				CLANG_ANALYZER_NUMBER_OBJECT_CONVERSION = YES_AGGRESSIVE;
				CLANG_CXX_LANGUAGE_STANDARD = "gnu++14";
				CLANG_CXX_LIBRARY = "libc++";
				CLANG_ENABLE_MODULES = YES;
				CLANG_ENABLE_OBJC_ARC = YES;
				CLANG_ENABLE_OBJC_WEAK = YES;
				CLANG_WARN_BLOCK_CAPTURE_AUTORELEASING = YES;
				CLANG_WARN_BOOL_CONVERSION = YES;
				CLANG_WARN_COMMA = YES;
				CLANG_WARN_CONSTANT_CONVERSION = YES;
				CLANG_WARN_DEPRECATED_OBJC_IMPLEMENTATIONS = YES;
				CLANG_WARN_DIRECT_OBJC_ISA_USAGE = YES_ERROR;
				CLANG_WARN_DOCUMENTATION_COMMENTS = YES;
				CLANG_WARN_EMPTY_BODY = YES;
				CLANG_WARN_ENUM_CONVERSION = YES;
				CLANG_WARN_INFINITE_RECURSION = YES;
				CLANG_WARN_INT_CONVERSION = YES;
				CLANG_WARN_NON_LITERAL_NULL_CONVERSION = YES;
				CLANG_WARN_OBJC_IMPLICIT_RETAIN_SELF = YES;
				CLANG_WARN_OBJC_LITERAL_CONVERSION = YES;
				CLANG_WARN_OBJC_ROOT_CLASS = YES_ERROR;
				CLANG_WARN_RANGE_LOOP_ANALYSIS = YES;
				CLANG_WARN_STRICT_PROTOTYPES = YES;
				CLANG_WARN_SUSPICIOUS_MOVE = YES;
				CLANG_WARN_UNGUARDED_AVAILABILITY = YES_AGGRESSIVE;
				CLANG_WARN_UNREACHABLE_CODE = YES;
				CLANG_WARN__DUPLICATE_METHOD_MATCH = YES;
				COPY_PHASE_STRIP = NO;
				DEBUG_INFORMATION_FORMAT = dwarf;
				ENABLE_STRICT_OBJC_MSGSEND = YES;
				ENABLE_TESTABILITY = YES;
				GCC_C_LANGUAGE_STANDARD = gnu11;
				GCC_DYNAMIC_NO_PIC = NO;
				GCC_NO_COMMON_BLOCKS = YES;
				GCC_OPTIMIZATION_LEVEL = 0;
				GCC_PREPROCESSOR_DEFINITIONS = (
					"DEBUG=1",
					"$(inherited)",
				);
				GCC_WARN_64_TO_32_BIT_CONVERSION = YES;
				GCC_WARN_ABOUT_RETURN_TYPE = YES_ERROR;
				GCC_WARN_UNDECLARED_SELECTOR = YES;
				GCC_WARN_UNINITIALIZED_AUTOS = YES_AGGRESSIVE;
				GCC_WARN_UNUSED_FUNCTION = YES;
				GCC_WARN_UNUSED_VARIABLE = YES;
				IPHONEOS_DEPLOYMENT_TARGET = 13.4;
				MTL_ENABLE_DEBUG_INFO = INCLUDE_SOURCE;
				MTL_FAST_MATH = YES;
				ONLY_ACTIVE_ARCH = YES;
				SDKROOT = iphoneos;
				SWIFT_ACTIVE_COMPILATION_CONDITIONS = DEBUG;
				SWIFT_OPTIMIZATION_LEVEL = "-Onone";
			};
			name = Debug;
		};
		821B0BD224376F20008BB870 /* Release */ = {
			isa = XCBuildConfiguration;
			buildSettings = {
				ALWAYS_SEARCH_USER_PATHS = NO;
				CLANG_ANALYZER_NONNULL = YES;
				CLANG_ANALYZER_NUMBER_OBJECT_CONVERSION = YES_AGGRESSIVE;
				CLANG_CXX_LANGUAGE_STANDARD = "gnu++14";
				CLANG_CXX_LIBRARY = "libc++";
				CLANG_ENABLE_MODULES = YES;
				CLANG_ENABLE_OBJC_ARC = YES;
				CLANG_ENABLE_OBJC_WEAK = YES;
				CLANG_WARN_BLOCK_CAPTURE_AUTORELEASING = YES;
				CLANG_WARN_BOOL_CONVERSION = YES;
				CLANG_WARN_COMMA = YES;
				CLANG_WARN_CONSTANT_CONVERSION = YES;
				CLANG_WARN_DEPRECATED_OBJC_IMPLEMENTATIONS = YES;
				CLANG_WARN_DIRECT_OBJC_ISA_USAGE = YES_ERROR;
				CLANG_WARN_DOCUMENTATION_COMMENTS = YES;
				CLANG_WARN_EMPTY_BODY = YES;
				CLANG_WARN_ENUM_CONVERSION = YES;
				CLANG_WARN_INFINITE_RECURSION = YES;
				CLANG_WARN_INT_CONVERSION = YES;
				CLANG_WARN_NON_LITERAL_NULL_CONVERSION = YES;
				CLANG_WARN_OBJC_IMPLICIT_RETAIN_SELF = YES;
				CLANG_WARN_OBJC_LITERAL_CONVERSION = YES;
				CLANG_WARN_OBJC_ROOT_CLASS = YES_ERROR;
				CLANG_WARN_RANGE_LOOP_ANALYSIS = YES;
				CLANG_WARN_STRICT_PROTOTYPES = YES;
				CLANG_WARN_SUSPICIOUS_MOVE = YES;
				CLANG_WARN_UNGUARDED_AVAILABILITY = YES_AGGRESSIVE;
				CLANG_WARN_UNREACHABLE_CODE = YES;
				CLANG_WARN__DUPLICATE_METHOD_MATCH = YES;
				COPY_PHASE_STRIP = NO;
				DEBUG_INFORMATION_FORMAT = "dwarf-with-dsym";
				ENABLE_NS_ASSERTIONS = NO;
				ENABLE_STRICT_OBJC_MSGSEND = YES;
				GCC_C_LANGUAGE_STANDARD = gnu11;
				GCC_NO_COMMON_BLOCKS = YES;
				GCC_WARN_64_TO_32_BIT_CONVERSION = YES;
				GCC_WARN_ABOUT_RETURN_TYPE = YES_ERROR;
				GCC_WARN_UNDECLARED_SELECTOR = YES;
				GCC_WARN_UNINITIALIZED_AUTOS = YES_AGGRESSIVE;
				GCC_WARN_UNUSED_FUNCTION = YES;
				GCC_WARN_UNUSED_VARIABLE = YES;
				IPHONEOS_DEPLOYMENT_TARGET = 13.4;
				MTL_ENABLE_DEBUG_INFO = NO;
				MTL_FAST_MATH = YES;
				SDKROOT = iphoneos;
				SWIFT_COMPILATION_MODE = wholemodule;
				SWIFT_OPTIMIZATION_LEVEL = "-O";
				VALIDATE_PRODUCT = YES;
			};
			name = Release;
		};
		821B0BD424376F20008BB870 /* Debug */ = {
			isa = XCBuildConfiguration;
			baseConfigurationReference = 99C38E988934B53C99A62FD0 /* Pods-CoderLeap.debug.xcconfig */;
			buildSettings = {
				ASSETCATALOG_COMPILER_APPICON_NAME = AppIcon;
				CODE_SIGN_STYLE = Automatic;
				DEVELOPMENT_ASSET_PATHS = "\"CoderLeap/Preview Content\"";
				DEVELOPMENT_TEAM = ZMA9KZ76AN;
				ENABLE_PREVIEWS = YES;
				INFOPLIST_FILE = CoderLeap/Info.plist;
				LD_RUNPATH_SEARCH_PATHS = (
					"$(inherited)",
					"@executable_path/Frameworks",
				);
				PRODUCT_BUNDLE_IDENTIFIER = com.dangaeta.CoderLeap;
				PRODUCT_NAME = "$(TARGET_NAME)";
				SWIFT_VERSION = 5.0;
				TARGETED_DEVICE_FAMILY = "1,2";
			};
			name = Debug;
		};
		821B0BD524376F20008BB870 /* Release */ = {
			isa = XCBuildConfiguration;
			baseConfigurationReference = 7C4E6D7E548DF1E87A9CC97B /* Pods-CoderLeap.release.xcconfig */;
			buildSettings = {
				ASSETCATALOG_COMPILER_APPICON_NAME = AppIcon;
				CODE_SIGN_STYLE = Automatic;
				DEVELOPMENT_ASSET_PATHS = "\"CoderLeap/Preview Content\"";
				DEVELOPMENT_TEAM = ZMA9KZ76AN;
				ENABLE_PREVIEWS = YES;
				INFOPLIST_FILE = CoderLeap/Info.plist;
				LD_RUNPATH_SEARCH_PATHS = (
					"$(inherited)",
					"@executable_path/Frameworks",
				);
				PRODUCT_BUNDLE_IDENTIFIER = com.dangaeta.CoderLeap;
				PRODUCT_NAME = "$(TARGET_NAME)";
				SWIFT_VERSION = 5.0;
				TARGETED_DEVICE_FAMILY = "1,2";
			};
			name = Release;
		};
		821B0BD724376F20008BB870 /* Debug */ = {
			isa = XCBuildConfiguration;
			baseConfigurationReference = B2075AD88C4B72CCC7DAF8C5 /* Pods-CoderLeapTests.debug.xcconfig */;
			buildSettings = {
				ALWAYS_EMBED_SWIFT_STANDARD_LIBRARIES = YES;
				BUNDLE_LOADER = "$(TEST_HOST)";
				CODE_SIGN_STYLE = Automatic;
				DEVELOPMENT_TEAM = ZMA9KZ76AN;
				INFOPLIST_FILE = CoderLeapTests/Info.plist;
				IPHONEOS_DEPLOYMENT_TARGET = 13.4;
				LD_RUNPATH_SEARCH_PATHS = (
					"$(inherited)",
					"@executable_path/Frameworks",
					"@loader_path/Frameworks",
				);
				PRODUCT_BUNDLE_IDENTIFIER = com.dangaeta.CoderLeapTests;
				PRODUCT_NAME = "$(TARGET_NAME)";
				SWIFT_VERSION = 5.0;
				TARGETED_DEVICE_FAMILY = "1,2";
				TEST_HOST = "$(BUILT_PRODUCTS_DIR)/CoderLeap.app/CoderLeap";
			};
			name = Debug;
		};
		821B0BD824376F20008BB870 /* Release */ = {
			isa = XCBuildConfiguration;
			baseConfigurationReference = CB1373500B2B4D96B82292FA /* Pods-CoderLeapTests.release.xcconfig */;
			buildSettings = {
				ALWAYS_EMBED_SWIFT_STANDARD_LIBRARIES = YES;
				BUNDLE_LOADER = "$(TEST_HOST)";
				CODE_SIGN_STYLE = Automatic;
				DEVELOPMENT_TEAM = ZMA9KZ76AN;
				INFOPLIST_FILE = CoderLeapTests/Info.plist;
				IPHONEOS_DEPLOYMENT_TARGET = 13.4;
				LD_RUNPATH_SEARCH_PATHS = (
					"$(inherited)",
					"@executable_path/Frameworks",
					"@loader_path/Frameworks",
				);
				PRODUCT_BUNDLE_IDENTIFIER = com.dangaeta.CoderLeapTests;
				PRODUCT_NAME = "$(TARGET_NAME)";
				SWIFT_VERSION = 5.0;
				TARGETED_DEVICE_FAMILY = "1,2";
				TEST_HOST = "$(BUILT_PRODUCTS_DIR)/CoderLeap.app/CoderLeap";
			};
			name = Release;
		};
		821B0BDA24376F20008BB870 /* Debug */ = {
			isa = XCBuildConfiguration;
			baseConfigurationReference = ED183E42EB5921169C655A8E /* Pods-CoderLeap-CoderLeapUITests.debug.xcconfig */;
			buildSettings = {
				ALWAYS_EMBED_SWIFT_STANDARD_LIBRARIES = YES;
				CODE_SIGN_STYLE = Automatic;
				DEVELOPMENT_TEAM = ZMA9KZ76AN;
				INFOPLIST_FILE = CoderLeapUITests/Info.plist;
				LD_RUNPATH_SEARCH_PATHS = (
					"$(inherited)",
					"@executable_path/Frameworks",
					"@loader_path/Frameworks",
				);
				PRODUCT_BUNDLE_IDENTIFIER = com.dangaeta.CoderLeapUITests;
				PRODUCT_NAME = "$(TARGET_NAME)";
				SWIFT_VERSION = 5.0;
				TARGETED_DEVICE_FAMILY = "1,2";
				TEST_TARGET_NAME = CoderLeap;
			};
			name = Debug;
		};
		821B0BDB24376F20008BB870 /* Release */ = {
			isa = XCBuildConfiguration;
			baseConfigurationReference = 55E634024AFB444645F0D04C /* Pods-CoderLeap-CoderLeapUITests.release.xcconfig */;
			buildSettings = {
				ALWAYS_EMBED_SWIFT_STANDARD_LIBRARIES = YES;
				CODE_SIGN_STYLE = Automatic;
				DEVELOPMENT_TEAM = ZMA9KZ76AN;
				INFOPLIST_FILE = CoderLeapUITests/Info.plist;
				LD_RUNPATH_SEARCH_PATHS = (
					"$(inherited)",
					"@executable_path/Frameworks",
					"@loader_path/Frameworks",
				);
				PRODUCT_BUNDLE_IDENTIFIER = com.dangaeta.CoderLeapUITests;
				PRODUCT_NAME = "$(TARGET_NAME)";
				SWIFT_VERSION = 5.0;
				TARGETED_DEVICE_FAMILY = "1,2";
				TEST_TARGET_NAME = CoderLeap;
			};
			name = Release;
		};
/* End XCBuildConfiguration section */

/* Begin XCConfigurationList section */
		821B0BA424376F1F008BB870 /* Build configuration list for PBXProject "CoderLeap" */ = {
			isa = XCConfigurationList;
			buildConfigurations = (
				821B0BD124376F20008BB870 /* Debug */,
				821B0BD224376F20008BB870 /* Release */,
			);
			defaultConfigurationIsVisible = 0;
			defaultConfigurationName = Release;
		};
		821B0BD324376F20008BB870 /* Build configuration list for PBXNativeTarget "CoderLeap" */ = {
			isa = XCConfigurationList;
			buildConfigurations = (
				821B0BD424376F20008BB870 /* Debug */,
				821B0BD524376F20008BB870 /* Release */,
			);
			defaultConfigurationIsVisible = 0;
			defaultConfigurationName = Release;
		};
		821B0BD624376F20008BB870 /* Build configuration list for PBXNativeTarget "CoderLeapTests" */ = {
			isa = XCConfigurationList;
			buildConfigurations = (
				821B0BD724376F20008BB870 /* Debug */,
				821B0BD824376F20008BB870 /* Release */,
			);
			defaultConfigurationIsVisible = 0;
			defaultConfigurationName = Release;
		};
		821B0BD924376F20008BB870 /* Build configuration list for PBXNativeTarget "CoderLeapUITests" */ = {
			isa = XCConfigurationList;
			buildConfigurations = (
				821B0BDA24376F20008BB870 /* Debug */,
				821B0BDB24376F20008BB870 /* Release */,
			);
			defaultConfigurationIsVisible = 0;
			defaultConfigurationName = Release;
		};
/* End XCConfigurationList section */
	};
	rootObject = 821B0BA124376F1F008BB870 /* Project object */;
}
